
Microsoft Visual Studio Solution File, Format Version 12.00
# Visual Studio Version 17
VisualStudioVersion = 17.0.31903.59
MinimumVisualStudioVersion = 10.0.40219.1
Project("{FAE04EC0-301F-11D3-BF4B-00C04F79EFBC}") = "MeuDiarioSENAC", "MeuDiarioSENAC\MeuDiarioSENAC.csproj", "{AC59C84F-43BF-4A77-8C43-0E7710E671CE}"
EndProject
Project("{FAE04EC0-301F-11D3-BF4B-00C04F79EFBC}") = "MeuDiarioSENAC.Data", "MeuDiarioSENAC.Data\MeuDiarioSENAC.Data.csproj", "{067A3CED-C0F4-4E4A-AAF1-D963BBBCD58A}"
EndProject
Project("{FAE04EC0-301F-11D3-BF4B-00C04F79EFBC}") = "MeuDiarioSENAC.Model", "MeuDiarioSENAC.Model\MeuDiarioSENAC.Model.csproj", "{F3C10845-07DD-473C-A1D1-6904137AAA47}"
EndProject
Project("{FAE04EC0-301F-11D3-BF4B-00C04F79EFBC}") = "MeuDiarioSENAC.Business", "MeuDiarioSENAC.Business\MeuDiarioSENAC.Business.csproj", "{49AF2C11-3F5F-40F9-BCBB-6096761A982B}"
EndProject
Project("{FAE04EC0-301F-11D3-BF4B-00C04F79EFBC}") = "MeuDiarioSENAC.WebAPI", "MeuDiarioSENAC.WebAPI\MeuDiarioSENAC.WebAPI.csproj", "{1147181C-6C2B-4FB3-8980-C29A36B01B42}"
EndProject
Global
	GlobalSection(SolutionConfigurationPlatforms) = preSolution
		Debug|Any CPU = Debug|Any CPU
		Release|Any CPU = Release|Any CPU
	EndGlobalSection
	GlobalSection(SolutionProperties) = preSolution
		HideSolutionNode = FALSE
	EndGlobalSection
	GlobalSection(ProjectConfigurationPlatforms) = postSolution
		{AC59C84F-43BF-4A77-8C43-0E7710E671CE}.Debug|Any CPU.ActiveCfg = Debug|Any CPU
		{AC59C84F-43BF-4A77-8C43-0E7710E671CE}.Debug|Any CPU.Build.0 = Debug|Any CPU
		{AC59C84F-43BF-4A77-8C43-0E7710E671CE}.Release|Any CPU.ActiveCfg = Release|Any CPU
		{AC59C84F-43BF-4A77-8C43-0E7710E671CE}.Release|Any CPU.Build.0 = Release|Any CPU
		{067A3CED-C0F4-4E4A-AAF1-D963BBBCD58A}.Debug|Any CPU.ActiveCfg = Debug|Any CPU
		{067A3CED-C0F4-4E4A-AAF1-D963BBBCD58A}.Debug|Any CPU.Build.0 = Debug|Any CPU
		{067A3CED-C0F4-4E4A-AAF1-D963BBBCD58A}.Release|Any CPU.ActiveCfg = Release|Any CPU
		{067A3CED-C0F4-4E4A-AAF1-D963BBBCD58A}.Release|Any CPU.Build.0 = Release|Any CPU
		{F3C10845-07DD-473C-A1D1-6904137AAA47}.Debug|Any CPU.ActiveCfg = Debug|Any CPU
		{F3C10845-07DD-473C-A1D1-6904137AAA47}.Debug|Any CPU.Build.0 = Debug|Any CPU
		{F3C10845-07DD-473C-A1D1-6904137AAA47}.Release|Any CPU.ActiveCfg = Release|Any CPU
		{F3C10845-07DD-473C-A1D1-6904137AAA47}.Release|Any CPU.Build.0 = Release|Any CPU
		{49AF2C11-3F5F-40F9-BCBB-6096761A982B}.Debug|Any CPU.ActiveCfg = Debug|Any CPU
		{49AF2C11-3F5F-40F9-BCBB-6096761A982B}.Debug|Any CPU.Build.0 = Debug|Any CPU
		{49AF2C11-3F5F-40F9-BCBB-6096761A982B}.Release|Any CPU.ActiveCfg = Release|Any CPU
		{49AF2C11-3F5F-40F9-BCBB-6096761A982B}.Release|Any CPU.Build.0 = Release|Any CPU
		{1147181C-6C2B-4FB3-8980-C29A36B01B42}.Debug|Any CPU.ActiveCfg = Debug|Any CPU
		{1147181C-6C2B-4FB3-8980-C29A36B01B42}.Debug|Any CPU.Build.0 = Debug|Any CPU
		{1147181C-6C2B-4FB3-8980-C29A36B01B42}.Release|Any CPU.ActiveCfg = Release|Any CPU
		{1147181C-6C2B-4FB3-8980-C29A36B01B42}.Release|Any CPU.Build.0 = Release|Any CPU
	EndGlobalSection
EndGlobal
